{
  "version": 4,
  "terraform_version": "1.3.6",
  "serial": 18,
  "lineage": "2a36c783-0079-ad38-06b9-4a0c2ab7e137",
  "outputs": {},
  "resources": [
    {
      "mode": "data",
      "type": "vkcs_compute_flavor",
      "name": "compute",
      "provider": "provider[\"registry.terraform.io/vk-cs/vkcs\"]",
      "instances": [
        {
          "schema_version": 0,
          "attributes": {
            "disk": 10,
            "extra_specs": {
              "agg_common": "true",
              "hw:cpu_sockets": "1",
              "mcs:cpu_type": "standard"
            },
            "flavor_id": "df3c499a-044f-41d2-8612-d303adc613cc",
            "id": "df3c499a-044f-41d2-8612-d303adc613cc",
            "is_public": true,
            "min_disk": null,
            "min_ram": null,
            "name": "Basic-1-1-10",
            "ram": 1024,
            "region": null,
            "rx_tx_factor": 1,
            "swap": 0,
            "vcpus": 1
          },
          "sensitive_attributes": []
        }
      ]
    },
    {
      "mode": "data",
      "type": "vkcs_compute_keypair",
      "name": "sng",
      "provider": "provider[\"registry.terraform.io/vk-cs/vkcs\"]",
      "instances": [
        {
          "schema_version": 0,
          "attributes": {
            "fingerprint": "4c:87:f1:00:2e:97:cd:0a:f5:53:7a:78:23:bd:1a:1d",
            "id": "ilyanyrkov",
            "name": "ilyanyrkov",
            "public_key": "ssh-rsa AAAAB3NzaC1yc2EAAAADAQABAAABgQDMVEFFpXx25DpOkXw8bfdgSyxlJqRzwi/77OdINMraO4UQ3GNIXi1V9wlTe2pKCJQ88U8LRoiAeBwlkAgZSCme6yDSbkA/FgkyziYgXq4Eze6vE0VcMPvnDq9TJNzFYKJU88Zmyozv9CKJlLRcJLo5DsQWroMbNSNr4K2woCkaQpxgmkMEdWqLRII8HhFWAMbriN1rBFTtyJ8RBMJvpuRWatTjKUr23SABbJjiOiCjam6StaUgj/pracjDkItbkBFylc1vcjIYytA1CX2iqaGfgkzBEWqfd8bwL/wqJ3q4Q50j+Tl7M+ut96Hv/ufkWDr3SZFLGRHF/B0JTNKLy9iepVxXL19bGaSsjs4QrAcXxSGkqYgEZX0Wcc5JoKFxxCzyH8bbFA6CSvdS0n3i8OO2wpTbPF+xNrVZleAtUDqbh4eutoHjbbEOiMK1wr29NaOpm+v+8/p0nvbpBOOpNMF6f2ORg1fatKECTtbYbuQP89lDGJeCbCnnWlecNw02eBk= ilyanyrkov@ilyanyrkov-Latitude-3410",
            "region": "RegionOne"
          },
          "sensitive_attributes": []
        }
      ]
    },
    {
      "mode": "data",
      "type": "vkcs_images_image",
      "name": "compute",
      "provider": "provider[\"registry.terraform.io/vk-cs/vkcs\"]",
      "instances": [
        {
          "schema_version": 0,
          "attributes": {
            "checksum": "6d4ade04c95ed136e8c0f2832ee31cd2",
            "container_format": "bare",
            "created_at": "2022-08-15T14:12:15Z",
            "disk_format": "raw",
            "file": "/v2/images/b75595ca-4e1d-47e0-8e95-7a02edc0e242/file",
            "hidden": false,
            "id": "b75595ca-4e1d-47e0-8e95-7a02edc0e242",
            "member_status": null,
            "metadata": {},
            "min_disk_gb": 0,
            "min_ram_mb": 0,
            "most_recent": false,
            "name": "Ubuntu-22.04-202208",
            "owner": "9d013ed7c41e4bf38dd91f899e40185a",
            "properties": null,
            "protected": false,
            "region": "RegionOne",
            "schema": "/v2/schemas/image",
            "size_bytes": 3758096384,
            "size_max": null,
            "size_min": null,
            "sort_direction": "asc",
            "sort_key": "name",
            "tag": null,
            "tags": [],
            "updated_at": "2022-08-16T06:01:24Z",
            "visibility": "public"
          },
          "sensitive_attributes": []
        }
      ]
    },
    {
      "mode": "data",
      "type": "vkcs_networking_network",
      "name": "extnet",
      "provider": "provider[\"registry.terraform.io/vk-cs/vkcs\"]",
      "instances": [
        {
          "schema_version": 0,
          "attributes": {
            "admin_state_up": "true",
            "all_tags": [
              "rivalsec123qwerty"
            ],
            "description": "",
            "external": true,
            "id": "298117ae-3fa4-4109-9e08-8be5602be5a2",
            "matching_subnet_cidr": null,
            "name": "ext-net",
            "network_id": null,
            "private_dns_domain": "openstacklocal.",
            "region": "RegionOne",
            "sdn": "neutron",
            "shared": "true",
            "status": null,
            "subnets": [
              "01009166-1de2-413d-995c-8c2272f1bc19",
              "0dbaf324-1c17-4c51-ab6f-817a2223a097",
              "13b6afaa-a0da-4ffb-8061-f7b28d318fdf",
              "191efdda-cd5a-4327-987d-1eb1b5b32b4d",
              "1e68063b-96e0-45bc-b010-579e9aabb485",
              "1ea7f321-4ed0-4ae7-a136-a0226b9c5969",
              "2267f99b-83a5-49b6-ba19-e0cbac642583",
              "389a5241-76e3-48b9-89f5-5b0a938cf8b3",
              "41d17c6b-d2cf-4bd2-8784-f8a846656c3b",
              "489f81ad-2a0c-449d-8aed-1876ddbd7840",
              "5a66e4b1-1676-444e-94cf-eb37ac80d464",
              "62a77e13-ccc0-44b7-8cac-0567163a8a3b",
              "7f876978-01fe-43ab-8c77-7e6e32cd28c4",
              "888682e5-abdd-4274-853f-b091115cce84",
              "94640c6b-6298-40d0-8c71-6aab8716d48f",
              "aa2689f9-a208-4bf2-bed0-c20dab001467",
              "b1911f6b-9185-45fd-a0c2-424b0c9155ce",
              "b2298251-6be3-444b-b213-59c66e25346b",
              "b5502dbd-18c7-4f44-857a-5819265bbbdc",
              "be8539d5-eeff-4eaa-8048-9f7c3dbc8804",
              "be9cabcf-c5f8-4e88-9e27-c5ba80f4a638",
              "c4f89da6-529f-4a08-9df1-6b95842a07b9",
              "c6fafdba-deb7-4ad0-83fd-ec893dedfb69",
              "cbd9c937-5339-42df-b0a7-edfb2ccfee59",
              "d5f70b09-6d49-445b-99f1-184d366decf6",
              "ec5d4a62-5039-460c-833f-7084a19794d2"
            ],
            "tags": null,
            "tenant_id": "c9fe9505fdde4de680679748c7cfee7e"
          },
          "sensitive_attributes": []
        }
      ]
    },
    {
      "mode": "managed",
      "type": "vkcs_compute_floatingip_associate",
      "name": "sng_1",
      "provider": "provider[\"registry.terraform.io/vk-cs/vkcs\"]",
      "instances": [
        {
          "schema_version": 0,
          "attributes": {
            "fixed_ip": "",
            "floating_ip": "185.130.113.170",
            "id": "185.130.113.170/f89e72fd-97fa-4781-8bf2-90531865f7dc/",
            "instance_id": "f89e72fd-97fa-4781-8bf2-90531865f7dc",
            "region": "RegionOne",
            "timeouts": null,
            "wait_until_associated": null
          },
          "sensitive_attributes": [],
          "private": "eyJlMmJmYjczMC1lY2FhLTExZTYtOGY4OC0zNDM2M2JjN2M0YzAiOnsiY3JlYXRlIjo2MDAwMDAwMDAwMDB9fQ==",
          "dependencies": [
            "data.vkcs_compute_flavor.compute",
            "data.vkcs_compute_keypair.sng",
            "data.vkcs_images_image.compute",
            "data.vkcs_networking_network.extnet",
            "vkcs_compute_instance.sng_1",
            "vkcs_networking_floatingip.sng_1",
            "vkcs_networking_network.sng",
            "vkcs_networking_subnet.sng"
          ]
        }
      ]
    },
    {
      "mode": "managed",
      "type": "vkcs_compute_floatingip_associate",
      "name": "sng_2",
      "provider": "provider[\"registry.terraform.io/vk-cs/vkcs\"]",
      "instances": [
        {
          "schema_version": 0,
          "attributes": {
            "fixed_ip": "",
            "floating_ip": "89.208.87.220",
            "id": "89.208.87.220/662df635-0473-449d-bc83-4210fbbe0aec/",
            "instance_id": "662df635-0473-449d-bc83-4210fbbe0aec",
            "region": "RegionOne",
            "timeouts": null,
            "wait_until_associated": null
          },
          "sensitive_attributes": [],
          "private": "eyJlMmJmYjczMC1lY2FhLTExZTYtOGY4OC0zNDM2M2JjN2M0YzAiOnsiY3JlYXRlIjo2MDAwMDAwMDAwMDB9fQ==",
          "dependencies": [
            "data.vkcs_compute_flavor.compute",
            "data.vkcs_compute_keypair.sng",
            "data.vkcs_images_image.compute",
            "data.vkcs_networking_network.extnet",
            "vkcs_compute_instance.sng_2",
            "vkcs_networking_floatingip.sng_2",
            "vkcs_networking_network.sng",
            "vkcs_networking_subnet.sng"
          ]
        }
      ]
    },
    {
      "mode": "managed",
      "type": "vkcs_compute_instance",
      "name": "sng_1",
      "provider": "provider[\"registry.terraform.io/vk-cs/vkcs\"]",
      "instances": [
        {
          "schema_version": 0,
          "attributes": {
            "access_ip_v4": "10.0.1.18",
            "access_ip_v6": "",
            "admin_pass": null,
            "all_metadata": {},
            "all_tags": [],
            "availability_zone": "MS1",
            "block_device": [
              {
                "boot_index": 0,
                "delete_on_termination": true,
                "destination_type": "volume",
                "device_type": "",
                "disk_bus": "",
                "guest_format": "",
                "source_type": "image",
                "uuid": "b75595ca-4e1d-47e0-8e95-7a02edc0e242",
                "volume_size": 15,
                "volume_type": "ceph-ssd"
              }
            ],
            "config_drive": null,
            "flavor_id": "df3c499a-044f-41d2-8612-d303adc613cc",
            "flavor_name": "Basic-1-1-10",
            "force_delete": false,
            "id": "f89e72fd-97fa-4781-8bf2-90531865f7dc",
            "image_id": "Attempt to boot from volume - no image supplied",
            "image_name": null,
            "key_pair": "ilyanyrkov",
            "metadata": null,
            "name": "sng_1",
            "network": [
              {
                "access_network": false,
                "fixed_ip_v4": "10.0.1.18",
                "fixed_ip_v6": "",
                "mac": "fa:16:3e:4d:19:84",
                "name": "sng_net",
                "port": "",
                "uuid": "59fc4114-30d8-487e-b7c0-9b9d6674e1da"
              }
            ],
            "network_mode": null,
            "personality": [],
            "power_state": "active",
            "region": "RegionOne",
            "scheduler_hints": [],
            "security_groups": [
              "default",
              "ssh+www"
            ],
            "stop_before_destroy": false,
            "tags": null,
            "timeouts": null,
            "user_data": null,
            "vendor_options": []
          },
          "sensitive_attributes": [],
          "private": "eyJlMmJmYjczMC1lY2FhLTExZTYtOGY4OC0zNDM2M2JjN2M0YzAiOnsiY3JlYXRlIjoxODAwMDAwMDAwMDAwLCJkZWxldGUiOjE4MDAwMDAwMDAwMDAsInVwZGF0ZSI6MTgwMDAwMDAwMDAwMH19",
          "dependencies": [
            "data.vkcs_compute_flavor.compute",
            "data.vkcs_compute_keypair.sng",
            "data.vkcs_images_image.compute",
            "vkcs_networking_network.sng",
            "vkcs_networking_subnet.sng"
          ]
        }
      ]
    },
    {
      "mode": "managed",
      "type": "vkcs_compute_instance",
      "name": "sng_2",
      "provider": "provider[\"registry.terraform.io/vk-cs/vkcs\"]",
      "instances": [
        {
          "schema_version": 0,
          "attributes": {
            "access_ip_v4": "10.0.1.26",
            "access_ip_v6": "",
            "admin_pass": null,
            "all_metadata": {},
            "all_tags": [],
            "availability_zone": "MS1",
            "block_device": [
              {
                "boot_index": 0,
                "delete_on_termination": true,
                "destination_type": "volume",
                "device_type": "",
                "disk_bus": "",
                "guest_format": "",
                "source_type": "image",
                "uuid": "b75595ca-4e1d-47e0-8e95-7a02edc0e242",
                "volume_size": 15,
                "volume_type": "ceph-ssd"
              }
            ],
            "config_drive": null,
            "flavor_id": "df3c499a-044f-41d2-8612-d303adc613cc",
            "flavor_name": "Basic-1-1-10",
            "force_delete": false,
            "id": "662df635-0473-449d-bc83-4210fbbe0aec",
            "image_id": "Attempt to boot from volume - no image supplied",
            "image_name": null,
            "key_pair": "ilyanyrkov",
            "metadata": null,
            "name": "sng_2",
            "network": [
              {
                "access_network": false,
                "fixed_ip_v4": "10.0.1.26",
                "fixed_ip_v6": "",
                "mac": "fa:16:3e:f2:a1:43",
                "name": "sng_net",
                "port": "",
                "uuid": "59fc4114-30d8-487e-b7c0-9b9d6674e1da"
              }
            ],
            "network_mode": null,
            "personality": [],
            "power_state": "active",
            "region": "RegionOne",
            "scheduler_hints": [],
            "security_groups": [
              "default",
              "ssh+www"
            ],
            "stop_before_destroy": false,
            "tags": null,
            "timeouts": null,
            "user_data": null,
            "vendor_options": []
          },
          "sensitive_attributes": [],
          "private": "eyJlMmJmYjczMC1lY2FhLTExZTYtOGY4OC0zNDM2M2JjN2M0YzAiOnsiY3JlYXRlIjoxODAwMDAwMDAwMDAwLCJkZWxldGUiOjE4MDAwMDAwMDAwMDAsInVwZGF0ZSI6MTgwMDAwMDAwMDAwMH19",
          "dependencies": [
            "data.vkcs_compute_flavor.compute",
            "data.vkcs_compute_keypair.sng",
            "data.vkcs_images_image.compute",
            "vkcs_networking_network.sng",
            "vkcs_networking_subnet.sng"
          ]
        }
      ]
    },
    {
      "mode": "managed",
      "type": "vkcs_lb_listener",
      "name": "sng",
      "provider": "provider[\"registry.terraform.io/vk-cs/vkcs\"]",
      "instances": [
        {
          "schema_version": 0,
          "attributes": {
            "admin_state_up": true,
            "allowed_cidrs": null,
            "connection_limit": -1,
            "default_pool_id": "",
            "default_tls_container_ref": "",
            "description": "",
            "id": "6d945086-3d1f-4a8e-a7ed-5ad37f368156",
            "insert_headers": null,
            "loadbalancer_id": "ef083747-58fe-422e-9420-3fc8a8985a3e",
            "name": "listener",
            "protocol": "HTTP",
            "protocol_port": 80,
            "region": "RegionOne",
            "sni_container_refs": null,
            "timeout_client_data": 50000,
            "timeout_member_connect": 5000,
            "timeout_member_data": 50000,
            "timeout_tcp_inspect": 0,
            "timeouts": null
          },
          "sensitive_attributes": [],
          "private": "eyJlMmJmYjczMC1lY2FhLTExZTYtOGY4OC0zNDM2M2JjN2M0YzAiOnsiY3JlYXRlIjo2MDAwMDAwMDAwMDAsImRlbGV0ZSI6NjAwMDAwMDAwMDAwLCJ1cGRhdGUiOjYwMDAwMDAwMDAwMH19",
          "dependencies": [
            "vkcs_lb_loadbalancer.sng",
            "vkcs_networking_network.sng",
            "vkcs_networking_subnet.sng"
          ]
        }
      ]
    },
    {
      "mode": "managed",
      "type": "vkcs_lb_loadbalancer",
      "name": "sng",
      "provider": "provider[\"registry.terraform.io/vk-cs/vkcs\"]",
      "instances": [
        {
          "schema_version": 0,
          "attributes": {
            "admin_state_up": true,
            "availability_zone": "",
            "description": "",
            "id": "ef083747-58fe-422e-9420-3fc8a8985a3e",
            "name": "sng_loadbalancer",
            "region": "RegionOne",
            "security_group_ids": [
              "73ebb778-4259-4064-961e-4eac94a86c8a"
            ],
            "tags": [
              "sng"
            ],
            "timeouts": null,
            "vip_address": "10.0.1.6",
            "vip_network_id": "59fc4114-30d8-487e-b7c0-9b9d6674e1da",
            "vip_port_id": "a780f0df-5486-42fe-9b17-09972f1b59e3",
            "vip_subnet_id": "3f9682d5-d5fb-43b6-aef3-11a93fcc922b"
          },
          "sensitive_attributes": [],
          "private": "eyJlMmJmYjczMC1lY2FhLTExZTYtOGY4OC0zNDM2M2JjN2M0YzAiOnsiY3JlYXRlIjo2MDAwMDAwMDAwMDAsImRlbGV0ZSI6MzAwMDAwMDAwMDAwLCJ1cGRhdGUiOjYwMDAwMDAwMDAwMH19",
          "dependencies": [
            "vkcs_networking_network.sng",
            "vkcs_networking_subnet.sng"
          ]
        }
      ]
    },
    {
      "mode": "managed",
      "type": "vkcs_lb_member",
      "name": "sng_1",
      "provider": "provider[\"registry.terraform.io/vk-cs/vkcs\"]",
      "instances": [
        {
          "schema_version": 0,
          "attributes": {
            "address": "10.0.1.18",
            "admin_state_up": true,
            "id": "2c08b06e-b738-4956-8bae-16a4df6a0678",
            "name": "",
            "pool_id": "35e72290-001c-487b-ab7b-6eec3e15c3ce",
            "protocol_port": 80,
            "region": "RegionOne",
            "subnet_id": "3f9682d5-d5fb-43b6-aef3-11a93fcc922b",
            "timeouts": null,
            "weight": 5
          },
          "sensitive_attributes": [],
          "private": "eyJlMmJmYjczMC1lY2FhLTExZTYtOGY4OC0zNDM2M2JjN2M0YzAiOnsiY3JlYXRlIjo2MDAwMDAwMDAwMDAsImRlbGV0ZSI6NjAwMDAwMDAwMDAwLCJ1cGRhdGUiOjYwMDAwMDAwMDAwMH19",
          "dependencies": [
            "data.vkcs_compute_flavor.compute",
            "data.vkcs_compute_keypair.sng",
            "data.vkcs_images_image.compute",
            "vkcs_compute_instance.sng_1",
            "vkcs_lb_listener.sng",
            "vkcs_lb_loadbalancer.sng",
            "vkcs_lb_pool.sng",
            "vkcs_networking_network.sng",
            "vkcs_networking_subnet.sng"
          ]
        }
      ]
    },
    {
      "mode": "managed",
      "type": "vkcs_lb_member",
      "name": "sng_2",
      "provider": "provider[\"registry.terraform.io/vk-cs/vkcs\"]",
      "instances": [
        {
          "schema_version": 0,
          "attributes": {
            "address": "10.0.1.26",
            "admin_state_up": true,
            "id": "76d776e3-6d77-4998-bc6c-ed50d776d303",
            "name": "",
            "pool_id": "35e72290-001c-487b-ab7b-6eec3e15c3ce",
            "protocol_port": 80,
            "region": "RegionOne",
            "subnet_id": "3f9682d5-d5fb-43b6-aef3-11a93fcc922b",
            "timeouts": null,
            "weight": 5
          },
          "sensitive_attributes": [],
          "private": "eyJlMmJmYjczMC1lY2FhLTExZTYtOGY4OC0zNDM2M2JjN2M0YzAiOnsiY3JlYXRlIjo2MDAwMDAwMDAwMDAsImRlbGV0ZSI6NjAwMDAwMDAwMDAwLCJ1cGRhdGUiOjYwMDAwMDAwMDAwMH19",
          "dependencies": [
            "data.vkcs_compute_flavor.compute",
            "data.vkcs_compute_keypair.sng",
            "data.vkcs_images_image.compute",
            "vkcs_compute_instance.sng_2",
            "vkcs_lb_listener.sng",
            "vkcs_lb_loadbalancer.sng",
            "vkcs_lb_pool.sng",
            "vkcs_networking_network.sng",
            "vkcs_networking_subnet.sng"
          ]
        }
      ]
    },
    {
      "mode": "managed",
      "type": "vkcs_lb_pool",
      "name": "sng",
      "provider": "provider[\"registry.terraform.io/vk-cs/vkcs\"]",
      "instances": [
        {
          "schema_version": 0,
          "attributes": {
            "admin_state_up": true,
            "description": "",
            "id": "35e72290-001c-487b-ab7b-6eec3e15c3ce",
            "lb_method": "ROUND_ROBIN",
            "listener_id": "6d945086-3d1f-4a8e-a7ed-5ad37f368156",
            "loadbalancer_id": null,
            "name": "pool",
            "persistence": [
              {
                "cookie_name": "",
                "type": ""
              }
            ],
            "protocol": "HTTP",
            "region": "RegionOne",
            "timeouts": null
          },
          "sensitive_attributes": [],
          "private": "eyJlMmJmYjczMC1lY2FhLTExZTYtOGY4OC0zNDM2M2JjN2M0YzAiOnsiY3JlYXRlIjo2MDAwMDAwMDAwMDAsImRlbGV0ZSI6NjAwMDAwMDAwMDAwLCJ1cGRhdGUiOjYwMDAwMDAwMDAwMH19",
          "dependencies": [
            "vkcs_lb_listener.sng",
            "vkcs_lb_loadbalancer.sng",
            "vkcs_networking_network.sng",
            "vkcs_networking_subnet.sng"
          ]
        }
      ]
    },
    {
      "mode": "managed",
      "type": "vkcs_networking_floatingip",
      "name": "sng_1",
      "provider": "provider[\"registry.terraform.io/vk-cs/vkcs\"]",
      "instances": [
        {
          "schema_version": 0,
          "attributes": {
            "address": "185.130.113.170",
            "all_tags": [],
            "description": "",
            "dns_domain": "",
            "dns_name": "",
            "fixed_ip": "",
            "id": "d4fdfdde-da7e-4956-af0d-b55ad4305b9a",
            "pool": "ext-net",
            "port_id": "",
            "region": "RegionOne",
            "sdn": "neutron",
            "subnet_id": null,
            "subnet_ids": null,
            "tags": null,
            "timeouts": null,
            "value_specs": null
          },
          "sensitive_attributes": [],
          "private": "eyJlMmJmYjczMC1lY2FhLTExZTYtOGY4OC0zNDM2M2JjN2M0YzAiOnsiY3JlYXRlIjo2MDAwMDAwMDAwMDAsImRlbGV0ZSI6NjAwMDAwMDAwMDAwfX0=",
          "dependencies": [
            "data.vkcs_networking_network.extnet"
          ]
        }
      ]
    },
    {
      "mode": "managed",
      "type": "vkcs_networking_floatingip",
      "name": "sng_2",
      "provider": "provider[\"registry.terraform.io/vk-cs/vkcs\"]",
      "instances": [
        {
          "schema_version": 0,
          "attributes": {
            "address": "89.208.87.220",
            "all_tags": [],
            "description": "",
            "dns_domain": "",
            "dns_name": "",
            "fixed_ip": "",
            "id": "b18fecf5-7304-463f-829f-b29819d88ad0",
            "pool": "ext-net",
            "port_id": "",
            "region": "RegionOne",
            "sdn": "neutron",
            "subnet_id": null,
            "subnet_ids": null,
            "tags": null,
            "timeouts": null,
            "value_specs": null
          },
          "sensitive_attributes": [],
          "private": "eyJlMmJmYjczMC1lY2FhLTExZTYtOGY4OC0zNDM2M2JjN2M0YzAiOnsiY3JlYXRlIjo2MDAwMDAwMDAwMDAsImRlbGV0ZSI6NjAwMDAwMDAwMDAwfX0=",
          "dependencies": [
            "data.vkcs_networking_network.extnet"
          ]
        }
      ]
    },
    {
      "mode": "managed",
      "type": "vkcs_networking_floatingip",
      "name": "sng_lb",
      "provider": "provider[\"registry.terraform.io/vk-cs/vkcs\"]",
      "instances": [
        {
          "schema_version": 0,
          "attributes": {
            "address": "185.130.113.25",
            "all_tags": [],
            "description": "",
            "dns_domain": "",
            "dns_name": "",
            "fixed_ip": "",
            "id": "467b2bb9-1cb2-4940-942f-394f372593af",
            "pool": "ext-net",
            "port_id": "",
            "region": "RegionOne",
            "sdn": "neutron",
            "subnet_id": null,
            "subnet_ids": null,
            "tags": null,
            "timeouts": null,
            "value_specs": null
          },
          "sensitive_attributes": [],
          "private": "eyJlMmJmYjczMC1lY2FhLTExZTYtOGY4OC0zNDM2M2JjN2M0YzAiOnsiY3JlYXRlIjo2MDAwMDAwMDAwMDAsImRlbGV0ZSI6NjAwMDAwMDAwMDAwfX0=",
          "dependencies": [
            "data.vkcs_networking_network.extnet"
          ]
        }
      ]
    },
    {
      "mode": "managed",
      "type": "vkcs_networking_floatingip_associate",
      "name": "lb_fip",
      "provider": "provider[\"registry.terraform.io/vk-cs/vkcs\"]",
      "instances": [
        {
          "schema_version": 0,
          "attributes": {
            "fixed_ip": "10.0.1.6",
            "floating_ip": "185.130.113.25",
            "id": "467b2bb9-1cb2-4940-942f-394f372593af",
            "port_id": "a780f0df-5486-42fe-9b17-09972f1b59e3",
            "region": "RegionOne",
            "sdn": "neutron"
          },
          "sensitive_attributes": [],
          "private": "bnVsbA==",
          "dependencies": [
            "data.vkcs_networking_network.extnet",
            "vkcs_lb_loadbalancer.sng",
            "vkcs_networking_floatingip.sng_lb",
            "vkcs_networking_network.sng",
            "vkcs_networking_subnet.sng"
          ]
        }
      ]
    },
    {
      "mode": "managed",
      "type": "vkcs_networking_network",
      "name": "sng",
      "provider": "provider[\"registry.terraform.io/vk-cs/vkcs\"]",
      "instances": [
        {
          "schema_version": 0,
          "attributes": {
            "admin_state_up": true,
            "all_tags": [],
            "description": "",
            "id": "59fc4114-30d8-487e-b7c0-9b9d6674e1da",
            "name": "sng_net",
            "port_security_enabled": true,
            "private_dns_domain": "mcs.local.",
            "region": "RegionOne",
            "sdn": "neutron",
            "tags": null,
            "timeouts": null,
            "value_specs": null,
            "vkcs_services_access": false
          },
          "sensitive_attributes": [],
          "private": "eyJlMmJmYjczMC1lY2FhLTExZTYtOGY4OC0zNDM2M2JjN2M0YzAiOnsiY3JlYXRlIjo2MDAwMDAwMDAwMDAsImRlbGV0ZSI6NjAwMDAwMDAwMDAwfX0="
        }
      ]
    },
    {
      "mode": "managed",
      "type": "vkcs_networking_router",
      "name": "sng",
      "provider": "provider[\"registry.terraform.io/vk-cs/vkcs\"]",
      "instances": [
        {
          "schema_version": 0,
          "attributes": {
            "admin_state_up": true,
            "all_tags": [],
            "description": "",
            "external_network_id": "298117ae-3fa4-4109-9e08-8be5602be5a2",
            "id": "7e9ada5c-b936-4426-b04f-87d70fb274bf",
            "name": "sng-router",
            "region": "RegionOne",
            "sdn": "neutron",
            "tags": null,
            "timeouts": null,
            "value_specs": null,
            "vendor_options": []
          },
          "sensitive_attributes": [],
          "private": "eyJlMmJmYjczMC1lY2FhLTExZTYtOGY4OC0zNDM2M2JjN2M0YzAiOnsiY3JlYXRlIjo2MDAwMDAwMDAwMDAsImRlbGV0ZSI6NjAwMDAwMDAwMDAwfX0=",
          "dependencies": [
            "data.vkcs_networking_network.extnet"
          ]
        }
      ]
    },
    {
      "mode": "managed",
      "type": "vkcs_networking_router_interface",
      "name": "sng",
      "provider": "provider[\"registry.terraform.io/vk-cs/vkcs\"]",
      "instances": [
        {
          "schema_version": 0,
          "attributes": {
            "id": "297da44d-e7fb-4c9d-bb5d-e206759efd03",
            "port_id": "297da44d-e7fb-4c9d-bb5d-e206759efd03",
            "region": "RegionOne",
            "router_id": "7e9ada5c-b936-4426-b04f-87d70fb274bf",
            "sdn": "neutron",
            "subnet_id": "3f9682d5-d5fb-43b6-aef3-11a93fcc922b",
            "timeouts": null
          },
          "sensitive_attributes": [],
          "private": "eyJlMmJmYjczMC1lY2FhLTExZTYtOGY4OC0zNDM2M2JjN2M0YzAiOnsiY3JlYXRlIjo2MDAwMDAwMDAwMDAsImRlbGV0ZSI6NjAwMDAwMDAwMDAwfX0=",
          "dependencies": [
            "data.vkcs_networking_network.extnet",
            "vkcs_networking_network.sng",
            "vkcs_networking_router.sng",
            "vkcs_networking_subnet.sng"
          ]
        }
      ]
    },
    {
      "mode": "managed",
      "type": "vkcs_networking_subnet",
      "name": "sng",
      "provider": "provider[\"registry.terraform.io/vk-cs/vkcs\"]",
      "instances": [
        {
          "schema_version": 0,
          "attributes": {
            "all_tags": [],
            "allocation_pool": [
              {
                "end": "10.0.1.254",
                "start": "10.0.1.2"
              }
            ],
            "cidr": "10.0.1.0/24",
            "description": "",
            "dns_nameservers": null,
            "enable_dhcp": true,
            "gateway_ip": "10.0.1.1",
            "id": "3f9682d5-d5fb-43b6-aef3-11a93fcc922b",
            "ip_version": 4,
            "ipv6_address_mode": "",
            "ipv6_ra_mode": "",
            "name": "sng_subnet",
            "network_id": "59fc4114-30d8-487e-b7c0-9b9d6674e1da",
            "no_gateway": false,
            "prefix_length": null,
            "region": "RegionOne",
            "sdn": "neutron",
            "subnetpool_id": "",
            "tags": null,
            "timeouts": null,
            "value_specs": null
          },
          "sensitive_attributes": [],
          "private": "eyJlMmJmYjczMC1lY2FhLTExZTYtOGY4OC0zNDM2M2JjN2M0YzAiOnsiY3JlYXRlIjo2MDAwMDAwMDAwMDAsImRlbGV0ZSI6NjAwMDAwMDAwMDAwfX0=",
          "dependencies": [
            "vkcs_networking_network.sng"
          ]
        }
      ]
    }
  ],
  "check_results": null
}
